
Microsoft Visual Studio Solution File, Format Version 12.00
# Visual Studio 15
VisualStudioVersion = 15.0.26430.6
MinimumVisualStudioVersion = 10.0.40219.1
Project("{9A19103F-16F7-4668-BE54-9A1E7A4F7556}") = "Medli2", "Medli2\Medli2.csproj", "{25942050-A68F-4026-A9B1-E731A1426647}"
EndProject
Project("{471EC4BB-E47E-4229-A789-D1F5F83B52D4}") = "Medli2Boot", "Medli2\Medli2Boot.Cosmos", "{8FFE3F64-1774-4F90-8786-923AF0AA1C88}"
EndProject
Project("{FAE04EC0-301F-11D3-BF4B-00C04F79EFBC}") = "Medli.System", "Medli.System\Medli.System.csproj", "{432C7434-31E3-4C41-8E36-C0CAEB15D66F}"
EndProject
Project("{FAE04EC0-301F-11D3-BF4B-00C04F79EFBC}") = "Medli.Hardware", "Medli.Hardware\Medli.Hardware.csproj", "{20E8A6B0-5698-4912-A619-8C5676EF2854}"
EndProject
Global
	GlobalSection(SolutionConfigurationPlatforms) = preSolution
		Debug|Any CPU = Debug|Any CPU
		Release|Any CPU = Release|Any CPU
	EndGlobalSection
	GlobalSection(ProjectConfigurationPlatforms) = postSolution
		{25942050-A68F-4026-A9B1-E731A1426647}.Debug|Any CPU.ActiveCfg = Debug|Any CPU
		{25942050-A68F-4026-A9B1-E731A1426647}.Debug|Any CPU.Build.0 = Debug|Any CPU
		{25942050-A68F-4026-A9B1-E731A1426647}.Release|Any CPU.ActiveCfg = Release|Any CPU
		{25942050-A68F-4026-A9B1-E731A1426647}.Release|Any CPU.Build.0 = Release|Any CPU
		{8FFE3F64-1774-4F90-8786-923AF0AA1C88}.Debug|Any CPU.ActiveCfg = Debug|Any CPU
		{8FFE3F64-1774-4F90-8786-923AF0AA1C88}.Debug|Any CPU.Build.0 = Debug|Any CPU
		{8FFE3F64-1774-4F90-8786-923AF0AA1C88}.Release|Any CPU.ActiveCfg = Release|Any CPU
		{8FFE3F64-1774-4F90-8786-923AF0AA1C88}.Release|Any CPU.Build.0 = Release|Any CPU
		{432C7434-31E3-4C41-8E36-C0CAEB15D66F}.Debug|Any CPU.ActiveCfg = Debug|Any CPU
		{432C7434-31E3-4C41-8E36-C0CAEB15D66F}.Debug|Any CPU.Build.0 = Debug|Any CPU
		{432C7434-31E3-4C41-8E36-C0CAEB15D66F}.Release|Any CPU.ActiveCfg = Release|Any CPU
		{432C7434-31E3-4C41-8E36-C0CAEB15D66F}.Release|Any CPU.Build.0 = Release|Any CPU
		{20E8A6B0-5698-4912-A619-8C5676EF2854}.Debug|Any CPU.ActiveCfg = Debug|Any CPU
		{20E8A6B0-5698-4912-A619-8C5676EF2854}.Debug|Any CPU.Build.0 = Debug|Any CPU
		{20E8A6B0-5698-4912-A619-8C5676EF2854}.Release|Any CPU.ActiveCfg = Release|Any CPU
		{20E8A6B0-5698-4912-A619-8C5676EF2854}.Release|Any CPU.Build.0 = Release|Any CPU
	EndGlobalSection
	GlobalSection(SolutionProperties) = preSolution
		HideSolutionNode = FALSE
	EndGlobalSection
EndGlobal
